{
  "name": "bmake",
  "lockfileVersion": 3,
  "requires": true,
  "packages": {
    "": {
      "dependencies": {
        "@heroui/switch": "^2.2.12",
        "@heroui/tabs": "^2.2.11"
      }
    },
    "node_modules/@formatjs/ecma402-abstract": {
      "version": "2.3.3",
      "resolved": "https://registry.npmjs.org/@formatjs/ecma402-abstract/-/ecma402-abstract-2.3.3.tgz",
      "integrity": "sha512-pJT1OkhplSmvvr6i3CWTPvC/FGC06MbN5TNBfRO6Ox62AEz90eMq+dVvtX9Bl3jxCEkS0tATzDarRZuOLw7oFg==",
      "dependencies": {
        "@formatjs/fast-memoize": "2.2.6",
        "@formatjs/intl-localematcher": "0.6.0",
        "decimal.js": "10",
        "tslib": "2"
      }
    },
    "node_modules/@formatjs/fast-memoize": {
      "version": "2.2.6",
      "resolved": "https://registry.npmjs.org/@formatjs/fast-memoize/-/fast-memoize-2.2.6.tgz",
      "integrity": "sha512-luIXeE2LJbQnnzotY1f2U2m7xuQNj2DA8Vq4ce1BY9ebRZaoPB1+8eZ6nXpLzsxuW5spQxr7LdCg+CApZwkqkw==",
      "dependencies": {
        "tslib": "2"
      }
    },
    "node_modules/@formatjs/icu-messageformat-parser": {
      "version": "2.11.1",
      "resolved": "https://registry.npmjs.org/@formatjs/icu-messageformat-parser/-/icu-messageformat-parser-2.11.1.tgz",
      "integrity": "sha512-o0AhSNaOfKoic0Sn1GkFCK4MxdRsw7mPJ5/rBpIqdvcC7MIuyUSW8WChUEvrK78HhNpYOgqCQbINxCTumJLzZA==",
      "dependencies": {
        "@formatjs/ecma402-abstract": "2.3.3",
        "@formatjs/icu-skeleton-parser": "1.8.13",
        "tslib": "2"
      }
    },
    "node_modules/@formatjs/icu-skeleton-parser": {
      "version": "1.8.13",
      "resolved": "https://registry.npmjs.org/@formatjs/icu-skeleton-parser/-/icu-skeleton-parser-1.8.13.tgz",
      "integrity": "sha512-N/LIdTvVc1TpJmMt2jVg0Fr1F7Q1qJPdZSCs19unMskCmVQ/sa0H9L8PWt13vq+gLdLg1+pPsvBLydL1Apahjg==",
      "dependencies": {
        "@formatjs/ecma402-abstract": "2.3.3",
        "tslib": "2"
      }
    },
    "node_modules/@formatjs/intl-localematcher": {
      "version": "0.6.0",
      "resolved": "https://registry.npmjs.org/@formatjs/intl-localematcher/-/intl-localematcher-0.6.0.tgz",
      "integrity": "sha512-4rB4g+3hESy1bHSBG3tDFaMY2CH67iT7yne1e+0CLTsGLDcmoEWWpJjjpWVaYgYfYuohIRuo0E+N536gd2ZHZA==",
      "dependencies": {
        "tslib": "2"
      }
    },
    "node_modules/@heroui/aria-utils": {
      "version": "2.2.11",
      "resolved": "https://registry.npmjs.org/@heroui/aria-utils/-/aria-utils-2.2.11.tgz",
      "integrity": "sha512-zWyZpTDcDfQv8OvLSTqTS2pxNMtXMxIFvxbIN0c2e/p+3Ol1YTj+J//6Wph0AYjb9OVVNatw63y2s8tlEzXvoA==",
      "dependencies": {
        "@heroui/react-rsc-utils": "2.1.5",
        "@heroui/shared-utils": "2.1.6",
        "@heroui/system": "2.4.10",
        "@react-aria/utils": "3.27.0",
        "@react-stately/collections": "3.12.1",
        "@react-stately/overlays": "3.6.13",
        "@react-types/overlays": "3.8.12",
        "@react-types/shared": "3.27.0"
      },
      "peerDependencies": {
        "react": ">=18 || >=19.0.0-rc.0",
        "react-dom": ">=18 || >=19.0.0-rc.0"
      }
    },
    "node_modules/@heroui/framer-utils": {
      "version": "2.1.10",
      "resolved": "https://registry.npmjs.org/@heroui/framer-utils/-/framer-utils-2.1.10.tgz",
      "integrity": "sha512-jQQt1xeVnGZ7vlAZv7ynlcHb9eZGlA/A1UQwH0GsMD/SopCC/Aqqt0IsrF5r38ArSy3y37Hx8gV2Dc+0DEhx9Q==",
      "dependencies": {
        "@heroui/shared-utils": "2.1.6",
        "@heroui/system": "2.4.10",
        "@heroui/use-measure": "2.1.5"
      },
      "peerDependencies": {
        "framer-motion": ">=11.5.6 || >=12.0.0-alpha.1",
        "react": ">=18 || >=19.0.0-rc.0",
        "react-dom": ">=18 || >=19.0.0-rc.0"
      }
    },
    "node_modules/@heroui/react-rsc-utils": {
      "version": "2.1.5",
      "resolved": "https://registry.npmjs.org/@heroui/react-rsc-utils/-/react-rsc-utils-2.1.5.tgz",
      "integrity": "sha512-vSGU2Ua7lnaPfpd+jsrCV4EdrYYnViSDF1tDDplnAZmItNV0qrEMdWe8l5ljwV658fr2LayN/hFjlhADEEjXSg==",
      "peerDependencies": {
        "react": ">=18 || >=19.0.0-rc.0"
      }
    },
    "node_modules/@heroui/react-utils": {
      "version": "2.1.7",
      "resolved": "https://registry.npmjs.org/@heroui/react-utils/-/react-utils-2.1.7.tgz",
      "integrity": "sha512-ZjiRMIh5Mg7fhs1QDjhRvq19HncATm3FIE+mtM3wWT7MwEr46KwHbHC2rhuGlBz9cYHCnJxGMibMAnUgl7qeaQ==",
      "dependencies": {
        "@heroui/react-rsc-utils": "2.1.5",
        "@heroui/shared-utils": "2.1.6"
      },
      "peerDependencies": {
        "react": ">=18 || >=19.0.0-rc.0"
      }
    },
    "node_modules/@heroui/shared-utils": {
      "version": "2.1.6",
      "resolved": "https://registry.npmjs.org/@heroui/shared-utils/-/shared-utils-2.1.6.tgz",
      "integrity": "sha512-Qz6/gyVM+jur+FOnALJBCp6YWt2CCnGu/c3SpxTx7/X9NgqLb+VYZ6XMH1HD9Sf3UzjtHZ/My1Cy6nlw1iO+zw==",
      "hasInstallScript": true
    },
    "node_modules/@heroui/switch": {
      "version": "2.2.12",
      "resolved": "https://registry.npmjs.org/@heroui/switch/-/switch-2.2.12.tgz",
      "integrity": "sha512-Uu+drs6TjLs9iTea+Pnx96sPnlPmtPP3Vmlqrde3RjjPTiZg4uEIHFJz2GPZDojOx0wzbensLk3ywAVyy8xzqg==",
      "dependencies": {
        "@heroui/react-utils": "2.1.7",
        "@heroui/shared-utils": "2.1.6",
        "@heroui/use-safe-layout-effect": "2.1.5",
        "@react-aria/focus": "3.19.1",
        "@react-aria/interactions": "3.23.0",
        "@react-aria/switch": "3.6.11",
        "@react-aria/utils": "3.27.0",
        "@react-aria/visually-hidden": "3.8.19",
        "@react-stately/toggle": "3.8.1",
        "@react-types/shared": "3.27.0"
      },
      "peerDependencies": {
        "@heroui/system": ">=2.4.7",
        "@heroui/theme": ">=2.4.3",
        "react": ">=18 || >=19.0.0-rc.0",
        "react-dom": ">=18 || >=19.0.0-rc.0"
      }
    },
    "node_modules/@heroui/system": {
      "version": "2.4.10",
      "resolved": "https://registry.npmjs.org/@heroui/system/-/system-2.4.10.tgz",
      "integrity": "sha512-HSOjIInlpkHO38OY/QVLVKdk+wPmjfkban4QNcOnK7NnNs3HmnQYt4N+xdrsPH2LqyKsEwc3Qq5VVdkH01FcLQ==",
      "dependencies": {
        "@heroui/react-utils": "2.1.7",
        "@heroui/system-rsc": "2.3.9",
        "@internationalized/date": "3.7.0",
        "@react-aria/i18n": "3.12.5",
        "@react-aria/overlays": "3.25.0",
        "@react-aria/utils": "3.27.0",
        "@react-stately/utils": "3.10.5",
        "@react-types/datepicker": "3.10.0"
      },
      "peerDependencies": {
        "framer-motion": ">=11.5.6 || >=12.0.0-alpha.1",
        "react": ">=18 || >=19.0.0-rc.0",
        "react-dom": ">=18 || >=19.0.0-rc.0"
      }
    },
    "node_modules/@heroui/system-rsc": {
      "version": "2.3.9",
      "resolved": "https://registry.npmjs.org/@heroui/system-rsc/-/system-rsc-2.3.9.tgz",
      "integrity": "sha512-CF4MMKKkBSHxF+BQ9QfdhXnRio5nM6iOY1g9L+xdbJPmSdWHqm0iAsUpgZX7gs4m8caU/RKkjuZTcq46XfSyug==",
      "dependencies": {
        "@react-types/shared": "3.27.0",
        "clsx": "^1.2.1"
      },
      "peerDependencies": {
        "@heroui/theme": ">=2.4.6",
        "react": ">=18 || >=19.0.0-rc.0"
      }
    },
    "node_modules/@heroui/tabs": {
      "version": "2.2.11",
      "resolved": "https://registry.npmjs.org/@heroui/tabs/-/tabs-2.2.11.tgz",
      "integrity": "sha512-1Jf49P90LRxBAlMfHEA8lZZNVujy1COarPFCEzAZ4o5Hqq8Sx/CLW6MzM1teU6Zkf6hSpmT395M2FYAoakhIkw==",
      "dependencies": {
        "@heroui/aria-utils": "2.2.11",
        "@heroui/framer-utils": "2.1.10",
        "@heroui/react-utils": "2.1.7",
        "@heroui/shared-utils": "2.1.6",
        "@heroui/use-is-mounted": "2.1.5",
        "@heroui/use-update-effect": "2.1.5",
        "@react-aria/focus": "3.19.1",
        "@react-aria/interactions": "3.23.0",
        "@react-aria/tabs": "3.9.9",
        "@react-aria/utils": "3.27.0",
        "@react-stately/tabs": "3.7.1",
        "@react-types/shared": "3.27.0",
        "@react-types/tabs": "3.3.12",
        "scroll-into-view-if-needed": "3.0.10"
      },
      "peerDependencies": {
        "@heroui/system": ">=2.4.7",
        "@heroui/theme": ">=2.4.6",
        "framer-motion": ">=11.5.6 || >=12.0.0-alpha.1",
        "react": ">=18 || >=19.0.0-rc.0",
        "react-dom": ">=18 || >=19.0.0-rc.0"
      }
    },
    "node_modules/@heroui/theme": {
      "version": "2.4.9",
      "resolved": "https://registry.npmjs.org/@heroui/theme/-/theme-2.4.9.tgz",
      "integrity": "sha512-UEXXBSSKqANUEON237aE6Y7o8Y5ohMWliDiXSc8JY2E/1QCdAoXsEsEZJKemYmOUp7hxBPr5j+IIOoVe8+mqnA==",
      "peer": true,
      "dependencies": {
        "@heroui/shared-utils": "2.1.6",
        "clsx": "^1.2.1",
        "color": "^4.2.3",
        "color2k": "^2.0.3",
        "deepmerge": "4.3.1",
        "flat": "^5.0.2",
        "tailwind-merge": "2.5.4",
        "tailwind-variants": "0.3.0"
      },
      "peerDependencies": {
        "tailwindcss": ">=3.4.0"
      }
    },
    "node_modules/@heroui/use-is-mounted": {
      "version": "2.1.5",
      "resolved": "https://registry.npmjs.org/@heroui/use-is-mounted/-/use-is-mounted-2.1.5.tgz",
      "integrity": "sha512-u3tQslGcGLaamrb6QKrKvJsPoDpmRxVtF9LwjXJLjybNh0RcIAuJ+Tax/y04gA46tqTFN4WO2va+wQFHwr4q7w==",
      "peerDependencies": {
        "react": ">=18 || >=19.0.0-rc.0"
      }
    },
    "node_modules/@heroui/use-measure": {
      "version": "2.1.5",
      "resolved": "https://registry.npmjs.org/@heroui/use-measure/-/use-measure-2.1.5.tgz",
      "integrity": "sha512-HiexS18sc9uy3BPcfHGWs5Mcx2VuCA8HTZ+SJrQm42vfB60EzcsIHMx8Rbm5IVg9I6QCADGPsiwlKc5ourkKIw==",
      "peerDependencies": {
        "react": ">=18 || >=19.0.0-rc.0"
      }
    },
    "node_modules/@heroui/use-safe-layout-effect": {
      "version": "2.1.5",
      "resolved": "https://registry.npmjs.org/@heroui/use-safe-layout-effect/-/use-safe-layout-effect-2.1.5.tgz",
      "integrity": "sha512-gckyAsI8Obd+KQvfW4LOV5bDplCZCH4BkpC+FHHyXd5hc802DbE/SWfVRecnmhXKFnx+DJn11Ua1wV4/mZ22Kg==",
      "peerDependencies": {
        "react": ">=18 || >=19.0.0-rc.0"
      }
    },
    "node_modules/@heroui/use-update-effect": {
      "version": "2.1.5",
      "resolved": "https://registry.npmjs.org/@heroui/use-update-effect/-/use-update-effect-2.1.5.tgz",
      "integrity": "sha512-MaYZHNVpAXnc8p0bgaX3trbmbof4QyYMl6Voz18bcuxCi8/DF1/24XNEEyNn5D/lc4pK1VloNjEp6NkknKAZog==",
      "peerDependencies": {
        "react": ">=18 || >=19.0.0-rc.0"
      }
    },
    "node_modules/@internationalized/date": {
      "version": "3.7.0",
      "resolved": "https://registry.npmjs.org/@internationalized/date/-/date-3.7.0.tgz",
      "integrity": "sha512-VJ5WS3fcVx0bejE/YHfbDKR/yawZgKqn/if+oEeLqNwBtPzVB06olkfcnojTmEMX+gTpH+FlQ69SHNitJ8/erQ==",
      "dependencies": {
        "@swc/helpers": "^0.5.0"
      }
    },
    "node_modules/@internationalized/message": {
      "version": "3.1.6",
      "resolved": "https://registry.npmjs.org/@internationalized/message/-/message-3.1.6.tgz",
      "integrity": "sha512-JxbK3iAcTIeNr1p0WIFg/wQJjIzJt9l/2KNY/48vXV7GRGZSv3zMxJsce008fZclk2cDC8y0Ig3odceHO7EfNQ==",
      "dependencies": {
        "@swc/helpers": "^0.5.0",
        "intl-messageformat": "^10.1.0"
      }
    },
    "node_modules/@internationalized/number": {
      "version": "3.6.0",
      "resolved": "https://registry.npmjs.org/@internationalized/number/-/number-3.6.0.tgz",
      "integrity": "sha512-PtrRcJVy7nw++wn4W2OuePQQfTqDzfusSuY1QTtui4wa7r+rGVtR75pO8CyKvHvzyQYi3Q1uO5sY0AsB4e65Bw==",
      "dependencies": {
        "@swc/helpers": "^0.5.0"
      }
    },
    "node_modules/@internationalized/string": {
      "version": "3.2.5",
      "resolved": "https://registry.npmjs.org/@internationalized/string/-/string-3.2.5.tgz",
      "integrity": "sha512-rKs71Zvl2OKOHM+mzAFMIyqR5hI1d1O6BBkMK2/lkfg3fkmVh9Eeg0awcA8W2WqYqDOv6a86DIOlFpggwLtbuw==",
      "dependencies": {
        "@swc/helpers": "^0.5.0"
      }
    },
    "node_modules/@react-aria/focus": {
      "version": "3.19.1",
      "resolved": "https://registry.npmjs.org/@react-aria/focus/-/focus-3.19.1.tgz",
      "integrity": "sha512-bix9Bu1Ue7RPcYmjwcjhB14BMu2qzfJ3tMQLqDc9pweJA66nOw8DThy3IfVr8Z7j2PHktOLf9kcbiZpydKHqzg==",
      "dependencies": {
        "@react-aria/interactions": "^3.23.0",
        "@react-aria/utils": "^3.27.0",
        "@react-types/shared": "^3.27.0",
        "@swc/helpers": "^0.5.0",
        "clsx": "^2.0.0"
      },
      "peerDependencies": {
        "react": "^16.8.0 || ^17.0.0-rc.1 || ^18.0.0 || ^19.0.0-rc.1",
        "react-dom": "^16.8.0 || ^17.0.0-rc.1 || ^18.0.0 || ^19.0.0-rc.1"
      }
    },
    "node_modules/@react-aria/focus/node_modules/clsx": {
      "version": "2.1.1",
      "resolved": "https://registry.npmjs.org/clsx/-/clsx-2.1.1.tgz",
      "integrity": "sha512-eYm0QWBtUrBWZWG0d386OGAw16Z995PiOVo2B7bjWSbHedGl5e0ZWaq65kOGgUSNesEIDkB9ISbTg/JK9dhCZA==",
      "engines": {
        "node": ">=6"
      }
    },
    "node_modules/@react-aria/i18n": {
      "version": "3.12.5",
      "resolved": "https://registry.npmjs.org/@react-aria/i18n/-/i18n-3.12.5.tgz",
      "integrity": "sha512-ooeop2pTG94PuaHoN2OTk2hpkqVuoqgEYxRvnc1t7DVAtsskfhS/gVOTqyWGsxvwAvRi7m/CnDu6FYdeQ/bK5w==",
      "dependencies": {
        "@internationalized/date": "^3.7.0",
        "@internationalized/message": "^3.1.6",
        "@internationalized/number": "^3.6.0",
        "@internationalized/string": "^3.2.5",
        "@react-aria/ssr": "^3.9.7",
        "@react-aria/utils": "^3.27.0",
        "@react-types/shared": "^3.27.0",
        "@swc/helpers": "^0.5.0"
      },
      "peerDependencies": {
        "react": "^16.8.0 || ^17.0.0-rc.1 || ^18.0.0 || ^19.0.0-rc.1",
        "react-dom": "^16.8.0 || ^17.0.0-rc.1 || ^18.0.0 || ^19.0.0-rc.1"
      }
    },
    "node_modules/@react-aria/interactions": {
      "version": "3.23.0",
      "resolved": "https://registry.npmjs.org/@react-aria/interactions/-/interactions-3.23.0.tgz",
      "integrity": "sha512-0qR1atBIWrb7FzQ+Tmr3s8uH5mQdyRH78n0krYaG8tng9+u1JlSi8DGRSaC9ezKyNB84m7vHT207xnHXGeJ3Fg==",
      "dependencies": {
        "@react-aria/ssr": "^3.9.7",
        "@react-aria/utils": "^3.27.0",
        "@react-types/shared": "^3.27.0",
        "@swc/helpers": "^0.5.0"
      },
      "peerDependencies": {
        "react": "^16.8.0 || ^17.0.0-rc.1 || ^18.0.0 || ^19.0.0-rc.1",
        "react-dom": "^16.8.0 || ^17.0.0-rc.1 || ^18.0.0 || ^19.0.0-rc.1"
      }
    },
    "node_modules/@react-aria/overlays": {
      "version": "3.25.0",
      "resolved": "https://registry.npmjs.org/@react-aria/overlays/-/overlays-3.25.0.tgz",
      "integrity": "sha512-UEqJJ4duowrD1JvwXpPZreBuK79pbyNjNxFUVpFSskpGEJe3oCWwsSDKz7P1O7xbx5OYp+rDiY8fk/sE5rkaKw==",
      "dependencies": {
        "@react-aria/focus": "^3.19.1",
        "@react-aria/i18n": "^3.12.5",
        "@react-aria/interactions": "^3.23.0",
        "@react-aria/ssr": "^3.9.7",
        "@react-aria/utils": "^3.27.0",
        "@react-aria/visually-hidden": "^3.8.19",
        "@react-stately/overlays": "^3.6.13",
        "@react-types/button": "^3.10.2",
        "@react-types/overlays": "^3.8.12",
        "@react-types/shared": "^3.27.0",
        "@swc/helpers": "^0.5.0"
      },
      "peerDependencies": {
        "react": "^16.8.0 || ^17.0.0-rc.1 || ^18.0.0 || ^19.0.0-rc.1",
        "react-dom": "^16.8.0 || ^17.0.0-rc.1 || ^18.0.0 || ^19.0.0-rc.1"
      }
    },
    "node_modules/@react-aria/selection": {
      "version": "3.22.0",
      "resolved": "https://registry.npmjs.org/@react-aria/selection/-/selection-3.22.0.tgz",
      "integrity": "sha512-XFOrK525HX2eeWeLZcZscUAs5qsuC1ZxsInDXMjvLeAaUPtQNEhUKHj3psDAl6XDU4VV1IJo0qCmFTVqTTMZSg==",
      "dependencies": {
        "@react-aria/focus": "^3.19.1",
        "@react-aria/i18n": "^3.12.5",
        "@react-aria/interactions": "^3.23.0",
        "@react-aria/utils": "^3.27.0",
        "@react-stately/selection": "^3.19.0",
        "@react-types/shared": "^3.27.0",
        "@swc/helpers": "^0.5.0"
      },
      "peerDependencies": {
        "react": "^16.8.0 || ^17.0.0-rc.1 || ^18.0.0 || ^19.0.0-rc.1",
        "react-dom": "^16.8.0 || ^17.0.0-rc.1 || ^18.0.0 || ^19.0.0-rc.1"
      }
    },
    "node_modules/@react-aria/ssr": {
      "version": "3.9.7",
      "resolved": "https://registry.npmjs.org/@react-aria/ssr/-/ssr-3.9.7.tgz",
      "integrity": "sha512-GQygZaGlmYjmYM+tiNBA5C6acmiDWF52Nqd40bBp0Znk4M4hP+LTmI0lpI1BuKMw45T8RIhrAsICIfKwZvi2Gg==",
      "dependencies": {
        "@swc/helpers": "^0.5.0"
      },
      "engines": {
        "node": ">= 12"
      },
      "peerDependencies": {
        "react": "^16.8.0 || ^17.0.0-rc.1 || ^18.0.0 || ^19.0.0-rc.1"
      }
    },
    "node_modules/@react-aria/switch": {
      "version": "3.6.11",
      "resolved": "https://registry.npmjs.org/@react-aria/switch/-/switch-3.6.11.tgz",
      "integrity": "sha512-paYCpH+oeL+8rgQK+cBJ+IaZ1sXSh3+50WPlg2LvLBta0QVfQhPR4juPvfXRpfHHhCjFBgF4/RGbV8q5zpl3vA==",
      "dependencies": {
        "@react-aria/toggle": "^3.10.11",
        "@react-stately/toggle": "^3.8.1",
        "@react-types/shared": "^3.27.0",
        "@react-types/switch": "^3.5.8",
        "@swc/helpers": "^0.5.0"
      },
      "peerDependencies": {
        "react": "^16.8.0 || ^17.0.0-rc.1 || ^18.0.0 || ^19.0.0-rc.1"
      }
    },
    "node_modules/@react-aria/tabs": {
      "version": "3.9.9",
      "resolved": "https://registry.npmjs.org/@react-aria/tabs/-/tabs-3.9.9.tgz",
      "integrity": "sha512-oXPtANs16xu6MdMGLHjGV/2Zupvyp9CJEt7ORPLv5xAzSY5hSjuQHJLZ0te3Lh/KSG5/0o3RW/W5yEqo7pBQQQ==",
      "dependencies": {
        "@react-aria/focus": "^3.19.1",
        "@react-aria/i18n": "^3.12.5",
        "@react-aria/selection": "^3.22.0",
        "@react-aria/utils": "^3.27.0",
        "@react-stately/tabs": "^3.7.1",
        "@react-types/shared": "^3.27.0",
        "@react-types/tabs": "^3.3.12",
        "@swc/helpers": "^0.5.0"
      },
      "peerDependencies": {
        "react": "^16.8.0 || ^17.0.0-rc.1 || ^18.0.0 || ^19.0.0-rc.1",
        "react-dom": "^16.8.0 || ^17.0.0-rc.1 || ^18.0.0 || ^19.0.0-rc.1"
      }
    },
    "node_modules/@react-aria/toggle": {
      "version": "3.10.11",
      "resolved": "https://registry.npmjs.org/@react-aria/toggle/-/toggle-3.10.11.tgz",
      "integrity": "sha512-J3jO3KJiUbaYVDEpeXSBwqcyKxpi9OreiHRGiaxb6VwB+FWCj7Gb2WKajByXNyfs8jc6kX9VUFaXa7jze60oEQ==",
      "dependencies": {
        "@react-aria/focus": "^3.19.1",
        "@react-aria/interactions": "^3.23.0",
        "@react-aria/utils": "^3.27.0",
        "@react-stately/toggle": "^3.8.1",
        "@react-types/checkbox": "^3.9.1",
        "@react-types/shared": "^3.27.0",
        "@swc/helpers": "^0.5.0"
      },
      "peerDependencies": {
        "react": "^16.8.0 || ^17.0.0-rc.1 || ^18.0.0 || ^19.0.0-rc.1",
        "react-dom": "^16.8.0 || ^17.0.0-rc.1 || ^18.0.0 || ^19.0.0-rc.1"
      }
    },
    "node_modules/@react-aria/utils": {
      "version": "3.27.0",
      "resolved": "https://registry.npmjs.org/@react-aria/utils/-/utils-3.27.0.tgz",
      "integrity": "sha512-p681OtApnKOdbeN8ITfnnYqfdHS0z7GE+4l8EXlfLnr70Rp/9xicBO6d2rU+V/B3JujDw2gPWxYKEnEeh0CGCw==",
      "dependencies": {
        "@react-aria/ssr": "^3.9.7",
        "@react-stately/utils": "^3.10.5",
        "@react-types/shared": "^3.27.0",
        "@swc/helpers": "^0.5.0",
        "clsx": "^2.0.0"
      },
      "peerDependencies": {
        "react": "^16.8.0 || ^17.0.0-rc.1 || ^18.0.0 || ^19.0.0-rc.1",
        "react-dom": "^16.8.0 || ^17.0.0-rc.1 || ^18.0.0 || ^19.0.0-rc.1"
      }
    },
    "node_modules/@react-aria/utils/node_modules/clsx": {
      "version": "2.1.1",
      "resolved": "https://registry.npmjs.org/clsx/-/clsx-2.1.1.tgz",
      "integrity": "sha512-eYm0QWBtUrBWZWG0d386OGAw16Z995PiOVo2B7bjWSbHedGl5e0ZWaq65kOGgUSNesEIDkB9ISbTg/JK9dhCZA==",
      "engines": {
        "node": ">=6"
      }
    },
    "node_modules/@react-aria/visually-hidden": {
      "version": "3.8.19",
      "resolved": "https://registry.npmjs.org/@react-aria/visually-hidden/-/visually-hidden-3.8.19.tgz",
      "integrity": "sha512-MZgCCyQ3sdG94J5iJz7I7Ai3IxoN0U5d/+EaUnA1mfK7jf2fSYQBqi6Eyp8sWUYzBTLw4giXB5h0RGAnWzk9hA==",
      "dependencies": {
        "@react-aria/interactions": "^3.23.0",
        "@react-aria/utils": "^3.27.0",
        "@react-types/shared": "^3.27.0",
        "@swc/helpers": "^0.5.0"
      },
      "peerDependencies": {
        "react": "^16.8.0 || ^17.0.0-rc.1 || ^18.0.0 || ^19.0.0-rc.1",
        "react-dom": "^16.8.0 || ^17.0.0-rc.1 || ^18.0.0 || ^19.0.0-rc.1"
      }
    },
    "node_modules/@react-stately/collections": {
      "version": "3.12.1",
      "resolved": "https://registry.npmjs.org/@react-stately/collections/-/collections-3.12.1.tgz",
      "integrity": "sha512-8QmFBL7f+P64dEP4o35pYH61/lP0T/ziSdZAvNMrCqaM+fXcMfUp2yu1E63kADVX7WRDsFJWE3CVMeqirPH6Xg==",
      "dependencies": {
        "@react-types/shared": "^3.27.0",
        "@swc/helpers": "^0.5.0"
      },
      "peerDependencies": {
        "react": "^16.8.0 || ^17.0.0-rc.1 || ^18.0.0 || ^19.0.0-rc.1"
      }
    },
    "node_modules/@react-stately/list": {
      "version": "3.11.2",
      "resolved": "https://registry.npmjs.org/@react-stately/list/-/list-3.11.2.tgz",
      "integrity": "sha512-eU2tY3aWj0SEeC7lH9AQoeAB4LL9mwS54FvTgHHoOgc1ZIwRJUaZoiuETyWQe98AL8KMgR1nrnDJ1I+CcT1Y7g==",
      "dependencies": {
        "@react-stately/collections": "^3.12.1",
        "@react-stately/selection": "^3.19.0",
        "@react-stately/utils": "^3.10.5",
        "@react-types/shared": "^3.27.0",
        "@swc/helpers": "^0.5.0"
      },
      "peerDependencies": {
        "react": "^16.8.0 || ^17.0.0-rc.1 || ^18.0.0 || ^19.0.0-rc.1"
      }
    },
    "node_modules/@react-stately/overlays": {
      "version": "3.6.13",
      "resolved": "https://registry.npmjs.org/@react-stately/overlays/-/overlays-3.6.13.tgz",
      "integrity": "sha512-WsU85Gf/b+HbWsnnYw7P/Ila3wD+C37Uk/WbU4/fHgJ26IEOWsPE6wlul8j54NZ1PnLNhV9Fn+Kffi+PaJMQXQ==",
      "dependencies": {
        "@react-stately/utils": "^3.10.5",
        "@react-types/overlays": "^3.8.12",
        "@swc/helpers": "^0.5.0"
      },
      "peerDependencies": {
        "react": "^16.8.0 || ^17.0.0-rc.1 || ^18.0.0 || ^19.0.0-rc.1"
      }
    },
    "node_modules/@react-stately/selection": {
      "version": "3.19.0",
      "resolved": "https://registry.npmjs.org/@react-stately/selection/-/selection-3.19.0.tgz",
      "integrity": "sha512-AvbUqnWjqVQC48RD39S9BpMKMLl55Zo5l/yx5JQFPl55cFwe9Tpku1KY0wzt3fXXiXWaqjDn/7Gkg1VJYy8esQ==",
      "dependencies": {
        "@react-stately/collections": "^3.12.1",
        "@react-stately/utils": "^3.10.5",
        "@react-types/shared": "^3.27.0",
        "@swc/helpers": "^0.5.0"
      },
      "peerDependencies": {
        "react": "^16.8.0 || ^17.0.0-rc.1 || ^18.0.0 || ^19.0.0-rc.1"
      }
    },
    "node_modules/@react-stately/tabs": {
      "version": "3.7.1",
      "resolved": "https://registry.npmjs.org/@react-stately/tabs/-/tabs-3.7.1.tgz",
      "integrity": "sha512-gr9ACyuWrYuc727h7WaHdmNw8yxVlUyQlguziR94MdeRtFGQnf3V6fNQG3kxyB77Ljko69tgDF7Nf6kfPUPAQQ==",
      "dependencies": {
        "@react-stately/list": "^3.11.2",
        "@react-types/shared": "^3.27.0",
        "@react-types/tabs": "^3.3.12",
        "@swc/helpers": "^0.5.0"
      },
      "peerDependencies": {
        "react": "^16.8.0 || ^17.0.0-rc.1 || ^18.0.0 || ^19.0.0-rc.1"
      }
    },
    "node_modules/@react-stately/toggle": {
      "version": "3.8.1",
      "resolved": "https://registry.npmjs.org/@react-stately/toggle/-/toggle-3.8.1.tgz",
      "integrity": "sha512-MVpe79ghVQiwLmVzIPhF/O/UJAUc9B+ZSylVTyJiEPi0cwhbkKGQv9thOF0ebkkRkace5lojASqUAYtSTZHQJA==",
      "dependencies": {
        "@react-stately/utils": "^3.10.5",
        "@react-types/checkbox": "^3.9.1",
        "@react-types/shared": "^3.27.0",
        "@swc/helpers": "^0.5.0"
      },
      "peerDependencies": {
        "react": "^16.8.0 || ^17.0.0-rc.1 || ^18.0.0 || ^19.0.0-rc.1"
      }
    },
    "node_modules/@react-stately/utils": {
      "version": "3.10.5",
      "resolved": "https://registry.npmjs.org/@react-stately/utils/-/utils-3.10.5.tgz",
      "integrity": "sha512-iMQSGcpaecghDIh3mZEpZfoFH3ExBwTtuBEcvZ2XnGzCgQjeYXcMdIUwAfVQLXFTdHUHGF6Gu6/dFrYsCzySBQ==",
      "dependencies": {
        "@swc/helpers": "^0.5.0"
      },
      "peerDependencies": {
        "react": "^16.8.0 || ^17.0.0-rc.1 || ^18.0.0 || ^19.0.0-rc.1"
      }
    },
    "node_modules/@react-types/button": {
      "version": "3.10.2",
      "resolved": "https://registry.npmjs.org/@react-types/button/-/button-3.10.2.tgz",
      "integrity": "sha512-h8SB/BLoCgoBulCpyzaoZ+miKXrolK9XC48+n1dKJXT8g4gImrficurDW6+PRTQWaRai0Q0A6bu8UibZOU4syg==",
      "dependencies": {
        "@react-types/shared": "^3.27.0"
      },
      "peerDependencies": {
        "react": "^16.8.0 || ^17.0.0-rc.1 || ^18.0.0 || ^19.0.0-rc.1"
      }
    },
    "node_modules/@react-types/calendar": {
      "version": "3.6.0",
      "resolved": "https://registry.npmjs.org/@react-types/calendar/-/calendar-3.6.0.tgz",
      "integrity": "sha512-BtFh4BFwvsYlsaSqUOVxlqXZSlJ6u4aozgO3PwHykhpemwidlzNwm9qDZhcMWPioNF/w2cU/6EqhvEKUHDnFZg==",
      "dependencies": {
        "@internationalized/date": "^3.7.0",
        "@react-types/shared": "^3.27.0"
      },
      "peerDependencies": {
        "react": "^16.8.0 || ^17.0.0-rc.1 || ^18.0.0 || ^19.0.0-rc.1"
      }
    },
    "node_modules/@react-types/checkbox": {
      "version": "3.9.1",
      "resolved": "https://registry.npmjs.org/@react-types/checkbox/-/checkbox-3.9.1.tgz",
      "integrity": "sha512-0x/KQcipfNM9Nvy6UMwYG25roRLvsiqf0J3woTYylNNWzF+72XT0iI5FdJkE3w2wfa0obmSoeq4WcbFREQrH/A==",
      "dependencies": {
        "@react-types/shared": "^3.27.0"
      },
      "peerDependencies": {
        "react": "^16.8.0 || ^17.0.0-rc.1 || ^18.0.0 || ^19.0.0-rc.1"
      }
    },
    "node_modules/@react-types/datepicker": {
      "version": "3.10.0",
      "resolved": "https://registry.npmjs.org/@react-types/datepicker/-/datepicker-3.10.0.tgz",
      "integrity": "sha512-Att7y4NedNH1CogMDIX9URXgMLxGbZgnFCZ8oxgFAVndWzbh3TBcc4s7uoJDPvgRMAalq+z+SrlFFeoBeJmvvg==",
      "dependencies": {
        "@internationalized/date": "^3.7.0",
        "@react-types/calendar": "^3.6.0",
        "@react-types/overlays": "^3.8.12",
        "@react-types/shared": "^3.27.0"
      },
      "peerDependencies": {
        "react": "^16.8.0 || ^17.0.0-rc.1 || ^18.0.0 || ^19.0.0-rc.1"
      }
    },
    "node_modules/@react-types/overlays": {
      "version": "3.8.12",
      "resolved": "https://registry.npmjs.org/@react-types/overlays/-/overlays-3.8.12.tgz",
      "integrity": "sha512-ZvR1t0YV7/6j+6OD8VozKYjvsXT92+C/2LOIKozy7YUNS5KI4MkXbRZzJvkuRECVZOmx8JXKTUzhghWJM/3QuQ==",
      "dependencies": {
        "@react-types/shared": "^3.27.0"
      },
      "peerDependencies": {
        "react": "^16.8.0 || ^17.0.0-rc.1 || ^18.0.0 || ^19.0.0-rc.1"
      }
    },
    "node_modules/@react-types/shared": {
      "version": "3.27.0",
      "resolved": "https://registry.npmjs.org/@react-types/shared/-/shared-3.27.0.tgz",
      "integrity": "sha512-gvznmLhi6JPEf0bsq7SwRYTHAKKq/wcmKqFez9sRdbED+SPMUmK5omfZ6w3EwUFQHbYUa4zPBYedQ7Knv70RMw==",
      "peerDependencies": {
        "react": "^16.8.0 || ^17.0.0-rc.1 || ^18.0.0 || ^19.0.0-rc.1"
      }
    },
    "node_modules/@react-types/switch": {
      "version": "3.5.8",
      "resolved": "https://registry.npmjs.org/@react-types/switch/-/switch-3.5.8.tgz",
      "integrity": "sha512-sL7jmh8llF8BxzY4HXkSU4bwU8YU6gx45P85D0AdYXgRHxU9Cp7BQPOMF4pJoQ8TTej05MymY5q7xvJVmxUTAQ==",
      "dependencies": {
        "@react-types/shared": "^3.27.0"
      },
      "peerDependencies": {
        "react": "^16.8.0 || ^17.0.0-rc.1 || ^18.0.0 || ^19.0.0-rc.1"
      }
    },
    "node_modules/@react-types/tabs": {
      "version": "3.3.12",
      "resolved": "https://registry.npmjs.org/@react-types/tabs/-/tabs-3.3.12.tgz",
      "integrity": "sha512-E9O9G+wf9kaQ8UbDEDliW/oxYlJnh7oDCW1zaMOySwnG4yeCh7Wu02EOCvlQW4xvgn/i+lbEWgirf7L+yj5nRg==",
      "dependencies": {
        "@react-types/shared": "^3.27.0"
      },
      "peerDependencies": {
        "react": "^16.8.0 || ^17.0.0-rc.1 || ^18.0.0 || ^19.0.0-rc.1"
      }
    },
    "node_modules/@swc/helpers": {
      "version": "0.5.15",
      "resolved": "https://registry.npmjs.org/@swc/helpers/-/helpers-0.5.15.tgz",
      "integrity": "sha512-JQ5TuMi45Owi4/BIMAJBoSQoOJu12oOk/gADqlcUL9JEdHB8vyjUSsxqeNXnmXHjYKMi2WcYtezGEEhqUI/E2g==",
      "dependencies": {
        "tslib": "^2.8.0"
      }
    },
    "node_modules/clsx": {
      "version": "1.2.1",
      "resolved": "https://registry.npmjs.org/clsx/-/clsx-1.2.1.tgz",
      "integrity": "sha512-EcR6r5a8bj6pu3ycsa/E/cKVGuTgZJZdsyUYHOksG/UHIiKfjxzRxYJpyVBwYaQeOvghal9fcc4PidlgzugAQg==",
      "engines": {
        "node": ">=6"
      }
    },
    "node_modules/color": {
      "version": "4.2.3",
      "resolved": "https://registry.npmjs.org/color/-/color-4.2.3.tgz",
      "integrity": "sha512-1rXeuUUiGGrykh+CeBdu5Ie7OJwinCgQY0bc7GCRxy5xVHy+moaqkpL/jqQq0MtQOeYcrqEz4abc5f0KtU7W4A==",
      "peer": true,
      "dependencies": {
        "color-convert": "^2.0.1",
        "color-string": "^1.9.0"
      },
      "engines": {
        "node": ">=12.5.0"
      }
    },
    "node_modules/color-convert": {
      "version": "2.0.1",
      "resolved": "https://registry.npmjs.org/color-convert/-/color-convert-2.0.1.tgz",
      "integrity": "sha512-RRECPsj7iu/xb5oKYcsFHSppFNnsj/52OVTRKb4zP5onXwVF3zVmmToNcOfGC+CRDpfK/U584fMg38ZHCaElKQ==",
      "peer": true,
      "dependencies": {
        "color-name": "~1.1.4"
      },
      "engines": {
        "node": ">=7.0.0"
      }
    },
    "node_modules/color-name": {
      "version": "1.1.4",
      "resolved": "https://registry.npmjs.org/color-name/-/color-name-1.1.4.tgz",
      "integrity": "sha512-dOy+3AuW3a2wNbZHIuMZpTcgjGuLU/uBL/ubcZF9OXbDo8ff4O8yVp5Bf0efS8uEoYo5q4Fx7dY9OgQGXgAsQA==",
      "peer": true
    },
    "node_modules/color-string": {
      "version": "1.9.1",
      "resolved": "https://registry.npmjs.org/color-string/-/color-string-1.9.1.tgz",
      "integrity": "sha512-shrVawQFojnZv6xM40anx4CkoDP+fZsw/ZerEMsW/pyzsRbElpsL/DBVW7q3ExxwusdNXI3lXpuhEZkzs8p5Eg==",
      "peer": true,
      "dependencies": {
        "color-name": "^1.0.0",
        "simple-swizzle": "^0.2.2"
      }
    },
    "node_modules/color2k": {
      "version": "2.0.3",
      "resolved": "https://registry.npmjs.org/color2k/-/color2k-2.0.3.tgz",
      "integrity": "sha512-zW190nQTIoXcGCaU08DvVNFTmQhUpnJfVuAKfWqUQkflXKpaDdpaYoM0iluLS9lgJNHyBF58KKA2FBEwkD7wog==",
      "peer": true
    },
    "node_modules/compute-scroll-into-view": {
      "version": "3.1.1",
      "resolved": "https://registry.npmjs.org/compute-scroll-into-view/-/compute-scroll-into-view-3.1.1.tgz",
      "integrity": "sha512-VRhuHOLoKYOy4UbilLbUzbYg93XLjv2PncJC50EuTWPA3gaja1UjBsUP/D/9/juV3vQFr6XBEzn9KCAHdUvOHw=="
    },
    "node_modules/decimal.js": {
      "version": "10.5.0",
      "resolved": "https://registry.npmjs.org/decimal.js/-/decimal.js-10.5.0.tgz",
      "integrity": "sha512-8vDa8Qxvr/+d94hSh5P3IJwI5t8/c0KsMp+g8bNw9cY2icONa5aPfvKeieW1WlG0WQYwwhJ7mjui2xtiePQSXw=="
    },
    "node_modules/deepmerge": {
      "version": "4.3.1",
      "resolved": "https://registry.npmjs.org/deepmerge/-/deepmerge-4.3.1.tgz",
      "integrity": "sha512-3sUqbMEc77XqpdNO7FRyRog+eW3ph+GYCbj+rK+uYyRMuwsVy0rMiVtPn+QJlKFvWP/1PYpapqYn0Me2knFn+A==",
      "peer": true,
      "engines": {
        "node": ">=0.10.0"
      }
    },
    "node_modules/flat": {
      "version": "5.0.2",
      "resolved": "https://registry.npmjs.org/flat/-/flat-5.0.2.tgz",
      "integrity": "sha512-b6suED+5/3rTpUBdG1gupIl8MPFCAMA0QXwmljLhvCUKcUvdE4gWky9zpuGCcXHOsz4J9wPGNWq6OKpmIzz3hQ==",
      "peer": true,
      "bin": {
        "flat": "cli.js"
      }
    },
    "node_modules/framer-motion": {
      "version": "12.4.7",
      "resolved": "https://registry.npmjs.org/framer-motion/-/framer-motion-12.4.7.tgz",
      "integrity": "sha512-VhrcbtcAMXfxlrjeHPpWVu2+mkcoR31e02aNSR7OUS/hZAciKa8q6o3YN2mA1h+jjscRsSyKvX6E1CiY/7OLMw==",
      "peer": true,
      "dependencies": {
        "motion-dom": "^12.4.5",
        "motion-utils": "^12.0.0",
        "tslib": "^2.4.0"
      },
      "peerDependencies": {
        "@emotion/is-prop-valid": "*",
        "react": "^18.0.0 || ^19.0.0",
        "react-dom": "^18.0.0 || ^19.0.0"
      },
      "peerDependenciesMeta": {
        "@emotion/is-prop-valid": {
          "optional": true
        },
        "react": {
          "optional": true
        },
        "react-dom": {
          "optional": true
        }
      }
    },
    "node_modules/intl-messageformat": {
      "version": "10.7.15",
      "resolved": "https://registry.npmjs.org/intl-messageformat/-/intl-messageformat-10.7.15.tgz",
      "integrity": "sha512-LRyExsEsefQSBjU2p47oAheoKz+EOJxSLDdjOaEjdriajfHsMXOmV/EhMvYSg9bAgCUHasuAC+mcUBe/95PfIg==",
      "dependencies": {
        "@formatjs/ecma402-abstract": "2.3.3",
        "@formatjs/fast-memoize": "2.2.6",
        "@formatjs/icu-messageformat-parser": "2.11.1",
        "tslib": "2"
      }
    },
    "node_modules/is-arrayish": {
      "version": "0.3.2",
      "resolved": "https://registry.npmjs.org/is-arrayish/-/is-arrayish-0.3.2.tgz",
      "integrity": "sha512-eVRqCvVlZbuw3GrM63ovNSNAeA1K16kaR/LRY/92w0zxQ5/1YzwblUX652i4Xs9RwAGjW9d9y6X88t8OaAJfWQ==",
      "peer": true
    },
    "node_modules/motion-dom": {
      "version": "12.4.5",
      "resolved": "https://registry.npmjs.org/motion-dom/-/motion-dom-12.4.5.tgz",
      "integrity": "sha512-Q2xmhuyYug1CGTo0jdsL05EQ4RhIYXlggFS/yPhQQRNzbrhjKQ1tbjThx5Plv68aX31LsUQRq4uIkuDxdO5vRQ==",
      "peer": true,
      "dependencies": {
        "motion-utils": "^12.0.0"
      }
    },
    "node_modules/motion-utils": {
      "version": "12.0.0",
      "resolved": "https://registry.npmjs.org/motion-utils/-/motion-utils-12.0.0.tgz",
      "integrity": "sha512-MNFiBKbbqnmvOjkPyOKgHUp3Q6oiokLkI1bEwm5QA28cxMZrv0CbbBGDNmhF6DIXsi1pCQBSs0dX8xjeER1tmA==",
      "peer": true
    },
    "node_modules/react": {
      "version": "19.0.0",
      "resolved": "https://registry.npmjs.org/react/-/react-19.0.0.tgz",
      "integrity": "sha512-V8AVnmPIICiWpGfm6GLzCR/W5FXLchHop40W4nXBmdlEceh16rCN8O8LNWm5bh5XUX91fh7KpA+W0TgMKmgTpQ==",
      "peer": true,
      "engines": {
        "node": ">=0.10.0"
      }
    },
    "node_modules/react-dom": {
      "version": "19.0.0",
      "resolved": "https://registry.npmjs.org/react-dom/-/react-dom-19.0.0.tgz",
      "integrity": "sha512-4GV5sHFG0e/0AD4X+ySy6UJd3jVl1iNsNHdpad0qhABJ11twS3TTBnseqsKurKcsNqCEFeGL3uLpVChpIO3QfQ==",
      "peer": true,
      "dependencies": {
        "scheduler": "^0.25.0"
      },
      "peerDependencies": {
        "react": "^19.0.0"
      }
    },
    "node_modules/scheduler": {
      "version": "0.25.0",
      "resolved": "https://registry.npmjs.org/scheduler/-/scheduler-0.25.0.tgz",
      "integrity": "sha512-xFVuu11jh+xcO7JOAGJNOXld8/TcEHK/4CituBUeUb5hqxJLj9YuemAEuvm9gQ/+pgXYfbQuqAkiYu+u7YEsNA==",
      "peer": true
    },
    "node_modules/scroll-into-view-if-needed": {
      "version": "3.0.10",
      "resolved": "https://registry.npmjs.org/scroll-into-view-if-needed/-/scroll-into-view-if-needed-3.0.10.tgz",
      "integrity": "sha512-t44QCeDKAPf1mtQH3fYpWz8IM/DyvHLjs8wUvvwMYxk5moOqCzrMSxK6HQVD0QVmVjXFavoFIPRVrMuJPKAvtg==",
      "dependencies": {
        "compute-scroll-into-view": "^3.0.2"
      }
    },
    "node_modules/simple-swizzle": {
      "version": "0.2.2",
      "resolved": "https://registry.npmjs.org/simple-swizzle/-/simple-swizzle-0.2.2.tgz",
      "integrity": "sha512-JA//kQgZtbuY83m+xT+tXJkmJncGMTFT+C+g2h2R9uxkYIrE2yy9sgmcLhCnw57/WSD+Eh3J97FPEDFnbXnDUg==",
      "peer": true,
      "dependencies": {
        "is-arrayish": "^0.3.1"
      }
    },
    "node_modules/tailwind-merge": {
      "version": "2.5.4",
      "resolved": "https://registry.npmjs.org/tailwind-merge/-/tailwind-merge-2.5.4.tgz",
      "integrity": "sha512-0q8cfZHMu9nuYP/b5Shb7Y7Sh1B7Nnl5GqNr1U+n2p6+mybvRtayrQ+0042Z5byvTA8ihjlP8Odo8/VnHbZu4Q==",
      "peer": true,
      "funding": {
        "type": "github",
        "url": "https://github.com/sponsors/dcastil"
      }
    },
    "node_modules/tailwind-variants": {
      "version": "0.3.0",
      "resolved": "https://registry.npmjs.org/tailwind-variants/-/tailwind-variants-0.3.0.tgz",
      "integrity": "sha512-ho2k5kn+LB1fT5XdNS3Clb96zieWxbStE9wNLK7D0AV64kdZMaYzAKo0fWl6fXLPY99ffF9oBJnIj5escEl/8A==",
      "peer": true,
      "dependencies": {
        "tailwind-merge": "^2.5.4"
      },
      "engines": {
        "node": ">=16.x",
        "pnpm": ">=7.x"
      },
      "peerDependencies": {
        "tailwindcss": "*"
      }
    },
    "node_modules/tailwindcss": {
      "version": "4.0.8",
      "resolved": "https://registry.npmjs.org/tailwindcss/-/tailwindcss-4.0.8.tgz",
      "integrity": "sha512-Me7N5CKR+D2A1xdWA5t5+kjjT7bwnxZOE6/yDI/ixJdJokszsn2n++mdU5yJwrsTpqFX2B9ZNMBJDwcqk9C9lw==",
      "peer": true
    },
    "node_modules/tslib": {
      "version": "2.8.1",
      "resolved": "https://registry.npmjs.org/tslib/-/tslib-2.8.1.tgz",
      "integrity": "sha512-oJFu94HQb+KVduSUQL7wnpmqnfmLsOA/nAh6b6EH0wCEoK0/mPeXU6c3wKDV83MkOuHPRHtSXKKU99IBazS/2w=="
    }
  }
}
